// !$*UTF8*$!
{
	archiveVersion = 1;
	classes = {
	};
	objectVersion = 56;
	objects = {

/* Begin PBXBuildFile section */
		A313EC872B898D7100213F18 /* LoginScreen.swift in Sources */ = {isa = PBXBuildFile; fileRef = A313EC862B898D7100213F18 /* LoginScreen.swift */; };
		A313EC892B898DB300213F18 /* LoginComponents.swift in Sources */ = {isa = PBXBuildFile; fileRef = A313EC882B898DB300213F18 /* LoginComponents.swift */; };
		A31C99542B7F04A7008D89C5 /* ReferenceFile.swift in Sources */ = {isa = PBXBuildFile; fileRef = A31C99532B7F04A7008D89C5 /* ReferenceFile.swift */; };
		A377DFA72B8F3E420054CC1D /* DataPassing.swift in Sources */ = {isa = PBXBuildFile; fileRef = A377DFA62B8F3E420054CC1D /* DataPassing.swift */; };
		A3924F9A2B996E8600EEFB4A /* GeneralRefer.swift in Sources */ = {isa = PBXBuildFile; fileRef = A3924F992B996E8600EEFB4A /* GeneralRefer.swift */; };
		A3E5186D2B7E693800E60587 /* SwiftUITestApp.swift in Sources */ = {isa = PBXBuildFile; fileRef = A3E5186C2B7E693800E60587 /* SwiftUITestApp.swift */; };
		A3E5186F2B7E693800E60587 /* ContentView.swift in Sources */ = {isa = PBXBuildFile; fileRef = A3E5186E2B7E693800E60587 /* ContentView.swift */; };
		A3E518712B7E693A00E60587 /* Assets.xcassets in Resources */ = {isa = PBXBuildFile; fileRef = A3E518702B7E693A00E60587 /* Assets.xcassets */; };
		A3E518742B7E693A00E60587 /* Preview Assets.xcassets in Resources */ = {isa = PBXBuildFile; fileRef = A3E518732B7E693A00E60587 /* Preview Assets.xcassets */; };
		A3F692582B8DB20A0012D48E /* NumbersModel.swift in Sources */ = {isa = PBXBuildFile; fileRef = A3F692572B8DB20A0012D48E /* NumbersModel.swift */; };
		A3F6925A2B8DC2FE0012D48E /* PageNationListScreen.swift in Sources */ = {isa = PBXBuildFile; fileRef = A3F692592B8DC2FE0012D48E /* PageNationListScreen.swift */; };
/* End PBXBuildFile section */

/* Begin PBXFileReference section */
		A313EC862B898D7100213F18 /* LoginScreen.swift */ = {isa = PBXFileReference; lastKnownFileType = sourcecode.swift; path = LoginScreen.swift; sourceTree = "<group>"; };
		A313EC882B898DB300213F18 /* LoginComponents.swift */ = {isa = PBXFileReference; lastKnownFileType = sourcecode.swift; path = LoginComponents.swift; sourceTree = "<group>"; };
		A31C99532B7F04A7008D89C5 /* ReferenceFile.swift */ = {isa = PBXFileReference; lastKnownFileType = sourcecode.swift; path = ReferenceFile.swift; sourceTree = "<group>"; };
		A377DFA62B8F3E420054CC1D /* DataPassing.swift */ = {isa = PBXFileReference; lastKnownFileType = sourcecode.swift; path = DataPassing.swift; sourceTree = "<group>"; };
		A3924F992B996E8600EEFB4A /* GeneralRefer.swift */ = {isa = PBXFileReference; lastKnownFileType = sourcecode.swift; path = GeneralRefer.swift; sourceTree = "<group>"; };
		A3E518692B7E693800E60587 /* SwiftUITest.app */ = {isa = PBXFileReference; explicitFileType = wrapper.application; includeInIndex = 0; path = SwiftUITest.app; sourceTree = BUILT_PRODUCTS_DIR; };
		A3E5186C2B7E693800E60587 /* SwiftUITestApp.swift */ = {isa = PBXFileReference; lastKnownFileType = sourcecode.swift; path = SwiftUITestApp.swift; sourceTree = "<group>"; };
		A3E5186E2B7E693800E60587 /* ContentView.swift */ = {isa = PBXFileReference; lastKnownFileType = sourcecode.swift; path = ContentView.swift; sourceTree = "<group>"; };
		A3E518702B7E693A00E60587 /* Assets.xcassets */ = {isa = PBXFileReference; lastKnownFileType = folder.assetcatalog; path = Assets.xcassets; sourceTree = "<group>"; };
		A3E518732B7E693A00E60587 /* Preview Assets.xcassets */ = {isa = PBXFileReference; lastKnownFileType = folder.assetcatalog; path = "Preview Assets.xcassets"; sourceTree = "<group>"; };
		A3F692572B8DB20A0012D48E /* NumbersModel.swift */ = {isa = PBXFileReference; lastKnownFileType = sourcecode.swift; path = NumbersModel.swift; sourceTree = "<group>"; };
		A3F692592B8DC2FE0012D48E /* PageNationListScreen.swift */ = {isa = PBXFileReference; lastKnownFileType = sourcecode.swift; path = PageNationListScreen.swift; sourceTree = "<group>"; };
/* End PBXFileReference section */

/* Begin PBXFrameworksBuildPhase section */
		A3E518662B7E693800E60587 /* Frameworks */ = {
			isa = PBXFrameworksBuildPhase;
			buildActionMask = 2147483647;
			files = (
			);
			runOnlyForDeploymentPostprocessing = 0;
		};
/* End PBXFrameworksBuildPhase section */

/* Begin PBXGroup section */
		A313EC842B898D3500213F18 /* ReferenceUI */ = {
			isa = PBXGroup;
			children = (
				A3924F982B996E6D00EEFB4A /* Other */,
				A313EC852B898D4300213F18 /* LoginScreen */,
			);
			path = ReferenceUI;
			sourceTree = "<group>";
		};
		A313EC852B898D4300213F18 /* LoginScreen */ = {
			isa = PBXGroup;
			children = (
				A313EC862B898D7100213F18 /* LoginScreen.swift */,
				A313EC882B898DB300213F18 /* LoginComponents.swift */,
			);
			path = LoginScreen;
			sourceTree = "<group>";
		};
		A377DFA52B8F38860054CC1D /* References */ = {
			isa = PBXGroup;
			children = (
				A31C99532B7F04A7008D89C5 /* ReferenceFile.swift */,
				A377DFA62B8F3E420054CC1D /* DataPassing.swift */,
			);
			path = References;
			sourceTree = "<group>";
		};
		A3924F982B996E6D00EEFB4A /* Other */ = {
			isa = PBXGroup;
			children = (
				A3924F992B996E8600EEFB4A /* GeneralRefer.swift */,
			);
			path = Other;
			sourceTree = "<group>";
		};
		A3E518602B7E693800E60587 = {
			isa = PBXGroup;
			children = (
				A3E5186B2B7E693800E60587 /* SwiftUITest */,
				A3E5186A2B7E693800E60587 /* Products */,
			);
			sourceTree = "<group>";
		};
		A3E5186A2B7E693800E60587 /* Products */ = {
			isa = PBXGroup;
			children = (
				A3E518692B7E693800E60587 /* SwiftUITest.app */,
			);
			name = Products;
			sourceTree = "<group>";
		};
		A3E5186B2B7E693800E60587 /* SwiftUITest */ = {
			isa = PBXGroup;
			children = (
				A3E5186C2B7E693800E60587 /* SwiftUITestApp.swift */,
				A3E5186E2B7E693800E60587 /* ContentView.swift */,
				A3F692562B8DB1C20012D48E /* ApiCall */,
				A377DFA52B8F38860054CC1D /* References */,
				A313EC842B898D3500213F18 /* ReferenceUI */,
				A3E518702B7E693A00E60587 /* Assets.xcassets */,
				A3E518722B7E693A00E60587 /* Preview Content */,
			);
			path = SwiftUITest;
			sourceTree = "<group>";
		};
		A3E518722B7E693A00E60587 /* Preview Content */ = {
			isa = PBXGroup;
			children = (
				A3E518732B7E693A00E60587 /* Preview Assets.xcassets */,
			);
			path = "Preview Content";
			sourceTree = "<group>";
		};
		A3F692562B8DB1C20012D48E /* ApiCall */ = {
			isa = PBXGroup;
			children = (
				A3F6925B2B8DC3370012D48E /* pagination */,
			);
			path = ApiCall;
			sourceTree = "<group>";
		};
		A3F6925B2B8DC3370012D48E /* pagination */ = {
			isa = PBXGroup;
			children = (
				A3F692572B8DB20A0012D48E /* NumbersModel.swift */,
				A3F692592B8DC2FE0012D48E /* PageNationListScreen.swift */,
			);
			path = pagination;
			sourceTree = "<group>";
		};
/* End PBXGroup section */

/* Begin PBXNativeTarget section */
		A3E518682B7E693800E60587 /* SwiftUITest */ = {
			isa = PBXNativeTarget;
			buildConfigurationList = A3E518772B7E693A00E60587 /* Build configuration list for PBXNativeTarget "SwiftUITest" */;
			buildPhases = (
				A3E518652B7E693800E60587 /* Sources */,
				A3E518662B7E693800E60587 /* Frameworks */,
				A3E518672B7E693800E60587 /* Resources */,
			);
			buildRules = (
			);
			dependencies = (
			);
			name = SwiftUITest;
			productName = SwiftUITest;
			productReference = A3E518692B7E693800E60587 /* SwiftUITest.app */;
			productType = "com.apple.product-type.application";
		};
/* End PBXNativeTarget section */

/* Begin PBXProject section */
		A3E518612B7E693800E60587 /* Project object */ = {
			isa = PBXProject;
			attributes = {
				BuildIndependentTargetsInParallel = 1;
				LastSwiftUpdateCheck = 1510;
				LastUpgradeCheck = 1510;
				TargetAttributes = {
					A3E518682B7E693800E60587 = {
						CreatedOnToolsVersion = 15.1;
					};
				};
			};
			buildConfigurationList = A3E518642B7E693800E60587 /* Build configuration list for PBXProject "SwiftUITest" */;
			compatibilityVersion = "Xcode 14.0";
			developmentRegion = en;
			hasScannedForEncodings = 0;
			knownRegions = (
				en,
				Base,
			);
			mainGroup = A3E518602B7E693800E60587;
			productRefGroup = A3E5186A2B7E693800E60587 /* Products */;
			projectDirPath = "";
			projectRoot = "";
			targets = (
				A3E518682B7E693800E60587 /* SwiftUITest */,
			);
		};
/* End PBXProject section */

/* Begin PBXResourcesBuildPhase section */
		A3E518672B7E693800E60587 /* Resources */ = {
			isa = PBXResourcesBuildPhase;
			buildActionMask = 2147483647;
			files = (
				A3E518742B7E693A00E60587 /* Preview Assets.xcassets in Resources */,
				A3E518712B7E693A00E60587 /* Assets.xcassets in Resources */,
			);
			runOnlyForDeploymentPostprocessing = 0;
		};
/* End PBXResourcesBuildPhase section */

/* Begin PBXSourcesBuildPhase section */
		A3E518652B7E693800E60587 /* Sources */ = {
			isa = PBXSourcesBuildPhase;
			buildActionMask = 2147483647;
			files = (
				A31C99542B7F04A7008D89C5 /* ReferenceFile.swift in Sources */,
				A3F692582B8DB20A0012D48E /* NumbersModel.swift in Sources */,
				A313EC892B898DB300213F18 /* LoginComponents.swift in Sources */,
				A3924F9A2B996E8600EEFB4A /* GeneralRefer.swift in Sources */,
				A3E5186F2B7E693800E60587 /* ContentView.swift in Sources */,
				A3E5186D2B7E693800E60587 /* SwiftUITestApp.swift in Sources */,
				A3F6925A2B8DC2FE0012D48E /* PageNationListScreen.swift in Sources */,
				A313EC872B898D7100213F18 /* LoginScreen.swift in Sources */,
				A377DFA72B8F3E420054CC1D /* DataPassing.swift in Sources */,
			);
			runOnlyForDeploymentPostprocessing = 0;
		};
/* End PBXSourcesBuildPhase section */

/* Begin XCBuildConfiguration section */
		A3E518752B7E693A00E60587 /* Debug */ = {
			isa = XCBuildConfiguration;
			buildSettings = {
				ALWAYS_SEARCH_USER_PATHS = NO;
				ASSETCATALOG_COMPILER_GENERATE_SWIFT_ASSET_SYMBOL_EXTENSIONS = YES;
				CLANG_ANALYZER_NONNULL = YES;
				CLANG_ANALYZER_NUMBER_OBJECT_CONVERSION = YES_AGGRESSIVE;
				CLANG_CXX_LANGUAGE_STANDARD = "gnu++20";
				CLANG_ENABLE_MODULES = YES;
				CLANG_ENABLE_OBJC_ARC = YES;
				CLANG_ENABLE_OBJC_WEAK = YES;
				CLANG_WARN_BLOCK_CAPTURE_AUTORELEASING = YES;
				CLANG_WARN_BOOL_CONVERSION = YES;
				CLANG_WARN_COMMA = YES;
				CLANG_WARN_CONSTANT_CONVERSION = YES;
				CLANG_WARN_DEPRECATED_OBJC_IMPLEMENTATIONS = YES;
				CLANG_WARN_DIRECT_OBJC_ISA_USAGE = YES_ERROR;
				CLANG_WARN_DOCUMENTATION_COMMENTS = YES;
				CLANG_WARN_EMPTY_BODY = YES;
				CLANG_WARN_ENUM_CONVERSION = YES;
				CLANG_WARN_INFINITE_RECURSION = YES;
				CLANG_WARN_INT_CONVERSION = YES;
				CLANG_WARN_NON_LITERAL_NULL_CONVERSION = YES;
				CLANG_WARN_OBJC_IMPLICIT_RETAIN_SELF = YES;
				CLANG_WARN_OBJC_LITERAL_CONVERSION = YES;
				CLANG_WARN_OBJC_ROOT_CLASS = YES_ERROR;
				CLANG_WARN_QUOTED_INCLUDE_IN_FRAMEWORK_HEADER = YES;
				CLANG_WARN_RANGE_LOOP_ANALYSIS = YES;
				CLANG_WARN_STRICT_PROTOTYPES = YES;
				CLANG_WARN_SUSPICIOUS_MOVE = YES;
				CLANG_WARN_UNGUARDED_AVAILABILITY = YES_AGGRESSIVE;
				CLANG_WARN_UNREACHABLE_CODE = YES;
				CLANG_WARN__DUPLICATE_METHOD_MATCH = YES;
				COPY_PHASE_STRIP = NO;
				DEBUG_INFORMATION_FORMAT = dwarf;
				ENABLE_STRICT_OBJC_MSGSEND = YES;
				ENABLE_TESTABILITY = YES;
				ENABLE_USER_SCRIPT_SANDBOXING = YES;
				GCC_C_LANGUAGE_STANDARD = gnu17;
				GCC_DYNAMIC_NO_PIC = NO;
				GCC_NO_COMMON_BLOCKS = YES;
				GCC_OPTIMIZATION_LEVEL = 0;
				GCC_PREPROCESSOR_DEFINITIONS = (
					"DEBUG=1",
					"$(inherited)",
				);
				GCC_WARN_64_TO_32_BIT_CONVERSION = YES;
				GCC_WARN_ABOUT_RETURN_TYPE = YES_ERROR;
				GCC_WARN_UNDECLARED_SELECTOR = YES;
				GCC_WARN_UNINITIALIZED_AUTOS = YES_AGGRESSIVE;
				GCC_WARN_UNUSED_FUNCTION = YES;
				GCC_WARN_UNUSED_VARIABLE = YES;
				IPHONEOS_DEPLOYMENT_TARGET = 17.2;
				LOCALIZATION_PREFERS_STRING_CATALOGS = YES;
				MTL_ENABLE_DEBUG_INFO = INCLUDE_SOURCE;
				MTL_FAST_MATH = YES;
				ONLY_ACTIVE_ARCH = YES;
				SDKROOT = iphoneos;
				SWIFT_ACTIVE_COMPILATION_CONDITIONS = "DEBUG $(inherited)";
				SWIFT_OPTIMIZATION_LEVEL = "-Onone";
			};
			name = Debug;
		};
		A3E518762B7E693A00E60587 /* Release */ = {
			isa = XCBuildConfiguration;
			buildSettings = {
				ALWAYS_SEARCH_USER_PATHS = NO;
				ASSETCATALOG_COMPILER_GENERATE_SWIFT_ASSET_SYMBOL_EXTENSIONS = YES;
				CLANG_ANALYZER_NONNULL = YES;
				CLANG_ANALYZER_NUMBER_OBJECT_CONVERSION = YES_AGGRESSIVE;
				CLANG_CXX_LANGUAGE_STANDARD = "gnu++20";
				CLANG_ENABLE_MODULES = YES;
				CLANG_ENABLE_OBJC_ARC = YES;
				CLANG_ENABLE_OBJC_WEAK = YES;
				CLANG_WARN_BLOCK_CAPTURE_AUTORELEASING = YES;
				CLANG_WARN_BOOL_CONVERSION = YES;
				CLANG_WARN_COMMA = YES;
				CLANG_WARN_CONSTANT_CONVERSION = YES;
				CLANG_WARN_DEPRECATED_OBJC_IMPLEMENTATIONS = YES;
				CLANG_WARN_DIRECT_OBJC_ISA_USAGE = YES_ERROR;
				CLANG_WARN_DOCUMENTATION_COMMENTS = YES;
				CLANG_WARN_EMPTY_BODY = YES;
				CLANG_WARN_ENUM_CONVERSION = YES;
				CLANG_WARN_INFINITE_RECURSION = YES;
				CLANG_WARN_INT_CONVERSION = YES;
				CLANG_WARN_NON_LITERAL_NULL_CONVERSION = YES;
				CLANG_WARN_OBJC_IMPLICIT_RETAIN_SELF = YES;
				CLANG_WARN_OBJC_LITERAL_CONVERSION = YES;
				CLANG_WARN_OBJC_ROOT_CLASS = YES_ERROR;
				CLANG_WARN_QUOTED_INCLUDE_IN_FRAMEWORK_HEADER = YES;
				CLANG_WARN_RANGE_LOOP_ANALYSIS = YES;
				CLANG_WARN_STRICT_PROTOTYPES = YES;
				CLANG_WARN_SUSPICIOUS_MOVE = YES;
				CLANG_WARN_UNGUARDED_AVAILABILITY = YES_AGGRESSIVE;
				CLANG_WARN_UNREACHABLE_CODE = YES;
				CLANG_WARN__DUPLICATE_METHOD_MATCH = YES;
				COPY_PHASE_STRIP = NO;
				DEBUG_INFORMATION_FORMAT = "dwarf-with-dsym";
				ENABLE_NS_ASSERTIONS = NO;
				ENABLE_STRICT_OBJC_MSGSEND = YES;
				ENABLE_USER_SCRIPT_SANDBOXING = YES;
				GCC_C_LANGUAGE_STANDARD = gnu17;
				GCC_NO_COMMON_BLOCKS = YES;
				GCC_WARN_64_TO_32_BIT_CONVERSION = YES;
				GCC_WARN_ABOUT_RETURN_TYPE = YES_ERROR;
				GCC_WARN_UNDECLARED_SELECTOR = YES;
				GCC_WARN_UNINITIALIZED_AUTOS = YES_AGGRESSIVE;
				GCC_WARN_UNUSED_FUNCTION = YES;
				GCC_WARN_UNUSED_VARIABLE = YES;
				IPHONEOS_DEPLOYMENT_TARGET = 17.2;
				LOCALIZATION_PREFERS_STRING_CATALOGS = YES;
				MTL_ENABLE_DEBUG_INFO = NO;
				MTL_FAST_MATH = YES;
				SDKROOT = iphoneos;
				SWIFT_COMPILATION_MODE = wholemodule;
				VALIDATE_PRODUCT = YES;
			};
			name = Release;
		};
		A3E518782B7E693A00E60587 /* Debug */ = {
			isa = XCBuildConfiguration;
			buildSettings = {
				ASSETCATALOG_COMPILER_APPICON_NAME = AppIcon;
				ASSETCATALOG_COMPILER_GLOBAL_ACCENT_COLOR_NAME = AccentColor;
				CODE_SIGN_STYLE = Automatic;
				CURRENT_PROJECT_VERSION = 1;
				DEVELOPMENT_ASSET_PATHS = "\"SwiftUITest/Preview Content\"";
				ENABLE_PREVIEWS = YES;
				GENERATE_INFOPLIST_FILE = YES;
				INFOPLIST_KEY_CFBundleDisplayName = testUI;
				INFOPLIST_KEY_UIApplicationSceneManifest_Generation = YES;
				INFOPLIST_KEY_UIApplicationSupportsIndirectInputEvents = YES;
				INFOPLIST_KEY_UILaunchScreen_Generation = YES;
				INFOPLIST_KEY_UISupportedInterfaceOrientations_iPad = "UIInterfaceOrientationPortrait UIInterfaceOrientationPortraitUpsideDown UIInterfaceOrientationLandscapeLeft UIInterfaceOrientationLandscapeRight";
				INFOPLIST_KEY_UISupportedInterfaceOrientations_iPhone = "UIInterfaceOrientationPortrait UIInterfaceOrientationLandscapeLeft UIInterfaceOrientationLandscapeRight";
				IPHONEOS_DEPLOYMENT_TARGET = 17.0;
				LD_RUNPATH_SEARCH_PATHS = (
					"$(inherited)",
					"@executable_path/Frameworks",
				);
				MARKETING_VERSION = 1.0;
				PRODUCT_BUNDLE_IDENTIFIER = com.app.SwiftUITest;
				PRODUCT_NAME = "$(TARGET_NAME)";
				SWIFT_EMIT_LOC_STRINGS = YES;
				SWIFT_VERSION = 5.0;
				TARGETED_DEVICE_FAMILY = "1,2";
			};
			name = Debug;
		};
		A3E518792B7E693A00E60587 /* Release */ = {
			isa = XCBuildConfiguration;
			buildSettings = {
				ASSETCATALOG_COMPILER_APPICON_NAME = AppIcon;
				ASSETCATALOG_COMPILER_GLOBAL_ACCENT_COLOR_NAME = AccentColor;
				CODE_SIGN_STYLE = Automatic;
				CURRENT_PROJECT_VERSION = 1;
				DEVELOPMENT_ASSET_PATHS = "\"SwiftUITest/Preview Content\"";
				ENABLE_PREVIEWS = YES;
				GENERATE_INFOPLIST_FILE = YES;
				INFOPLIST_KEY_CFBundleDisplayName = testUI;
				INFOPLIST_KEY_UIApplicationSceneManifest_Generation = YES;
				INFOPLIST_KEY_UIApplicationSupportsIndirectInputEvents = YES;
				INFOPLIST_KEY_UILaunchScreen_Generation = YES;
				INFOPLIST_KEY_UISupportedInterfaceOrientations_iPad = "UIInterfaceOrientationPortrait UIInterfaceOrientationPortraitUpsideDown UIInterfaceOrientationLandscapeLeft UIInterfaceOrientationLandscapeRight";
				INFOPLIST_KEY_UISupportedInterfaceOrientations_iPhone = "UIInterfaceOrientationPortrait UIInterfaceOrientationLandscapeLeft UIInterfaceOrientationLandscapeRight";
				IPHONEOS_DEPLOYMENT_TARGET = 17.0;
				LD_RUNPATH_SEARCH_PATHS = (
					"$(inherited)",
					"@executable_path/Frameworks",
				);
				MARKETING_VERSION = 1.0;
				PRODUCT_BUNDLE_IDENTIFIER = com.app.SwiftUITest;
				PRODUCT_NAME = "$(TARGET_NAME)";
				SWIFT_EMIT_LOC_STRINGS = YES;
				SWIFT_VERSION = 5.0;
				TARGETED_DEVICE_FAMILY = "1,2";
			};
			name = Release;
		};
/* End XCBuildConfiguration section */

/* Begin XCConfigurationList section */
		A3E518642B7E693800E60587 /* Build configuration list for PBXProject "SwiftUITest" */ = {
			isa = XCConfigurationList;
			buildConfigurations = (
				A3E518752B7E693A00E60587 /* Debug */,
				A3E518762B7E693A00E60587 /* Release */,
			);
			defaultConfigurationIsVisible = 0;
			defaultConfigurationName = Release;
		};
		A3E518772B7E693A00E60587 /* Build configuration list for PBXNativeTarget "SwiftUITest" */ = {
			isa = XCConfigurationList;
			buildConfigurations = (
				A3E518782B7E693A00E60587 /* Debug */,
				A3E518792B7E693A00E60587 /* Release */,
			);
			defaultConfigurationIsVisible = 0;
			defaultConfigurationName = Release;
		};
/* End XCConfigurationList section */
	};
	rootObject = A3E518612B7E693800E60587 /* Project object */;
}
